
Microsoft Visual Studio Solution File, Format Version 12.00
# Visual Studio Version 17
VisualStudioVersion = 17.0.31903.59
MinimumVisualStudioVersion = 10.0.40219.1
Project("{FAE04EC0-301F-11D3-BF4B-00C04F79EFBC}") = "calculator", "calculator\calculator.csproj", "{6CD5C019-223E-4013-9C65-2C1742064DE3}"
EndProject
Project("{FAE04EC0-301F-11D3-BF4B-00C04F79EFBC}") = "WeightConverter", "WeightConverter\WeightConverter.csproj", "{22643FBF-D9A8-47E6-A44F-861259685BE9}"
EndProject
Project("{FAE04EC0-301F-11D3-BF4B-00C04F79EFBC}") = "BudgetTracker", "BudgetTracker\BudgetTracker.csproj", "{DAEB15EA-6EC2-44ED-B037-11185132DF8E}"
EndProject
Project("{FAE04EC0-301F-11D3-BF4B-00C04F79EFBC}") = "TAScheduleAutomation", "TAScheduleAutomation\TAScheduleAutomation.csproj", "{C6BEF7F9-3603-49ED-B304-2E61C5A7DFB3}"
EndProject
Project("{FAE04EC0-301F-11D3-BF4B-00C04F79EFBC}") = "Example", "Example\Example.csproj", "{9A3211C4-5682-4E57-90C0-B08A70EC900C}"
EndProject
Project("{FAE04EC0-301F-11D3-BF4B-00C04F79EFBC}") = "MemoryGame", "MemoryGame\MemoryGame.csproj", "{568AB7CF-6506-4D43-A541-3BC2144A194B}"
EndProject
Project("{FAE04EC0-301F-11D3-BF4B-00C04F79EFBC}") = "ExperimentWithControls", "ExperimentWithControls\ExperimentWithControls.csproj", "{3D025B25-6180-4ACA-815B-A7922CFFC4A4}"
EndProject
Project("{FAE04EC0-301F-11D3-BF4B-00C04F79EFBC}") = "ASPNETCoreInActionChapter3", "ASPNETCoreInActionChapter3\ASPNETCoreInActionChapter3.csproj", "{64915CAA-A22D-4F00-B007-A6D2C418CEA5}"
EndProject
Project("{FAE04EC0-301F-11D3-BF4B-00C04F79EFBC}") = "PickRandomCards", "PickRandomCards\PickRandomCards.csproj", "{8D6530CF-9854-462E-847E-2F317D30DD4B}"
EndProject
Project("{FAE04EC0-301F-11D3-BF4B-00C04F79EFBC}") = "PickRandomCardsMAUI", "PickRandomCardsMAUI\PickRandomCardsMAUI.csproj", "{1FFCFDA7-D0E1-4A16-A12B-61C98F73DCA8}"
EndProject
Project("{FAE04EC0-301F-11D3-BF4B-00C04F79EFBC}") = "Guys", "Guys\Guys.csproj", "{9054B6DC-C309-4FCE-90CE-2F455E2D519A}"
EndProject
Project("{FAE04EC0-301F-11D3-BF4B-00C04F79EFBC}") = "ASPNETCoreInActionChapter4", "ASPNETCoreInActionChapter4\ASPNETCoreInActionChapter4.csproj", "{4C962DEE-40B9-4B02-B668-C7D648E2B030}"
EndProject
Project("{FAE04EC0-301F-11D3-BF4B-00C04F79EFBC}") = "TimersApp", "TimersApp\TimersApp\TimersApp.csproj", "{8A2E8449-B859-4476-9F5C-1673481C8FEB}"
EndProject
Project("{FAE04EC0-301F-11D3-BF4B-00C04F79EFBC}") = "TimersApp.Client", "TimersApp\TimersApp.Client\TimersApp.Client.csproj", "{2A38D613-00D6-4451-98EC-8F5C9A19549E}"
EndProject
Project("{FAE04EC0-301F-11D3-BF4B-00C04F79EFBC}") = "TodoListApi", "TodoListApi\TodoListApi.csproj", "{02527FDD-A8CE-43AC-B87D-C1BF98B58CD0}"
EndProject
Project("{FAE04EC0-301F-11D3-BF4B-00C04F79EFBC}") = "DiceRollGame", "DiceRollGame\DiceRollGame.csproj", "{47F41030-C739-47A5-BEE3-E2778C2A4912}"
EndProject
Global
	GlobalSection(SolutionConfigurationPlatforms) = preSolution
		Debug|Any CPU = Debug|Any CPU
		Release|Any CPU = Release|Any CPU
	EndGlobalSection
	GlobalSection(SolutionProperties) = preSolution
		HideSolutionNode = FALSE
	EndGlobalSection
	GlobalSection(ProjectConfigurationPlatforms) = postSolution
		{6CD5C019-223E-4013-9C65-2C1742064DE3}.Debug|Any CPU.ActiveCfg = Debug|Any CPU
		{6CD5C019-223E-4013-9C65-2C1742064DE3}.Debug|Any CPU.Build.0 = Debug|Any CPU
		{6CD5C019-223E-4013-9C65-2C1742064DE3}.Release|Any CPU.ActiveCfg = Release|Any CPU
		{6CD5C019-223E-4013-9C65-2C1742064DE3}.Release|Any CPU.Build.0 = Release|Any CPU
		{22643FBF-D9A8-47E6-A44F-861259685BE9}.Debug|Any CPU.ActiveCfg = Debug|Any CPU
		{22643FBF-D9A8-47E6-A44F-861259685BE9}.Debug|Any CPU.Build.0 = Debug|Any CPU
		{22643FBF-D9A8-47E6-A44F-861259685BE9}.Release|Any CPU.ActiveCfg = Release|Any CPU
		{22643FBF-D9A8-47E6-A44F-861259685BE9}.Release|Any CPU.Build.0 = Release|Any CPU
		{DAEB15EA-6EC2-44ED-B037-11185132DF8E}.Debug|Any CPU.ActiveCfg = Debug|Any CPU
		{DAEB15EA-6EC2-44ED-B037-11185132DF8E}.Debug|Any CPU.Build.0 = Debug|Any CPU
		{DAEB15EA-6EC2-44ED-B037-11185132DF8E}.Release|Any CPU.ActiveCfg = Release|Any CPU
		{DAEB15EA-6EC2-44ED-B037-11185132DF8E}.Release|Any CPU.Build.0 = Release|Any CPU
		{C6BEF7F9-3603-49ED-B304-2E61C5A7DFB3}.Debug|Any CPU.ActiveCfg = Debug|Any CPU
		{C6BEF7F9-3603-49ED-B304-2E61C5A7DFB3}.Debug|Any CPU.Build.0 = Debug|Any CPU
		{C6BEF7F9-3603-49ED-B304-2E61C5A7DFB3}.Release|Any CPU.ActiveCfg = Release|Any CPU
		{C6BEF7F9-3603-49ED-B304-2E61C5A7DFB3}.Release|Any CPU.Build.0 = Release|Any CPU
		{9A3211C4-5682-4E57-90C0-B08A70EC900C}.Debug|Any CPU.ActiveCfg = Debug|Any CPU
		{9A3211C4-5682-4E57-90C0-B08A70EC900C}.Debug|Any CPU.Build.0 = Debug|Any CPU
		{9A3211C4-5682-4E57-90C0-B08A70EC900C}.Release|Any CPU.ActiveCfg = Release|Any CPU
		{9A3211C4-5682-4E57-90C0-B08A70EC900C}.Release|Any CPU.Build.0 = Release|Any CPU
		{568AB7CF-6506-4D43-A541-3BC2144A194B}.Debug|Any CPU.ActiveCfg = Debug|Any CPU
		{568AB7CF-6506-4D43-A541-3BC2144A194B}.Debug|Any CPU.Build.0 = Debug|Any CPU
		{568AB7CF-6506-4D43-A541-3BC2144A194B}.Release|Any CPU.ActiveCfg = Release|Any CPU
		{568AB7CF-6506-4D43-A541-3BC2144A194B}.Release|Any CPU.Build.0 = Release|Any CPU
		{3D025B25-6180-4ACA-815B-A7922CFFC4A4}.Debug|Any CPU.ActiveCfg = Debug|Any CPU
		{3D025B25-6180-4ACA-815B-A7922CFFC4A4}.Debug|Any CPU.Build.0 = Debug|Any CPU
		{3D025B25-6180-4ACA-815B-A7922CFFC4A4}.Release|Any CPU.ActiveCfg = Release|Any CPU
		{3D025B25-6180-4ACA-815B-A7922CFFC4A4}.Release|Any CPU.Build.0 = Release|Any CPU
		{64915CAA-A22D-4F00-B007-A6D2C418CEA5}.Debug|Any CPU.ActiveCfg = Debug|Any CPU
		{64915CAA-A22D-4F00-B007-A6D2C418CEA5}.Debug|Any CPU.Build.0 = Debug|Any CPU
		{64915CAA-A22D-4F00-B007-A6D2C418CEA5}.Release|Any CPU.ActiveCfg = Release|Any CPU
		{64915CAA-A22D-4F00-B007-A6D2C418CEA5}.Release|Any CPU.Build.0 = Release|Any CPU
		{8D6530CF-9854-462E-847E-2F317D30DD4B}.Debug|Any CPU.ActiveCfg = Debug|Any CPU
		{8D6530CF-9854-462E-847E-2F317D30DD4B}.Debug|Any CPU.Build.0 = Debug|Any CPU
		{8D6530CF-9854-462E-847E-2F317D30DD4B}.Release|Any CPU.ActiveCfg = Release|Any CPU
		{8D6530CF-9854-462E-847E-2F317D30DD4B}.Release|Any CPU.Build.0 = Release|Any CPU
		{1FFCFDA7-D0E1-4A16-A12B-61C98F73DCA8}.Debug|Any CPU.ActiveCfg = Debug|Any CPU
		{1FFCFDA7-D0E1-4A16-A12B-61C98F73DCA8}.Debug|Any CPU.Build.0 = Debug|Any CPU
		{1FFCFDA7-D0E1-4A16-A12B-61C98F73DCA8}.Release|Any CPU.ActiveCfg = Release|Any CPU
		{1FFCFDA7-D0E1-4A16-A12B-61C98F73DCA8}.Release|Any CPU.Build.0 = Release|Any CPU
		{9054B6DC-C309-4FCE-90CE-2F455E2D519A}.Debug|Any CPU.ActiveCfg = Debug|Any CPU
		{9054B6DC-C309-4FCE-90CE-2F455E2D519A}.Debug|Any CPU.Build.0 = Debug|Any CPU
		{9054B6DC-C309-4FCE-90CE-2F455E2D519A}.Release|Any CPU.ActiveCfg = Release|Any CPU
		{9054B6DC-C309-4FCE-90CE-2F455E2D519A}.Release|Any CPU.Build.0 = Release|Any CPU
		{4C962DEE-40B9-4B02-B668-C7D648E2B030}.Debug|Any CPU.ActiveCfg = Debug|Any CPU
		{4C962DEE-40B9-4B02-B668-C7D648E2B030}.Debug|Any CPU.Build.0 = Debug|Any CPU
		{4C962DEE-40B9-4B02-B668-C7D648E2B030}.Release|Any CPU.ActiveCfg = Release|Any CPU
		{4C962DEE-40B9-4B02-B668-C7D648E2B030}.Release|Any CPU.Build.0 = Release|Any CPU
		{8A2E8449-B859-4476-9F5C-1673481C8FEB}.Debug|Any CPU.ActiveCfg = Debug|Any CPU
		{8A2E8449-B859-4476-9F5C-1673481C8FEB}.Debug|Any CPU.Build.0 = Debug|Any CPU
		{8A2E8449-B859-4476-9F5C-1673481C8FEB}.Release|Any CPU.ActiveCfg = Release|Any CPU
		{8A2E8449-B859-4476-9F5C-1673481C8FEB}.Release|Any CPU.Build.0 = Release|Any CPU
		{2A38D613-00D6-4451-98EC-8F5C9A19549E}.Debug|Any CPU.ActiveCfg = Debug|Any CPU
		{2A38D613-00D6-4451-98EC-8F5C9A19549E}.Debug|Any CPU.Build.0 = Debug|Any CPU
		{2A38D613-00D6-4451-98EC-8F5C9A19549E}.Release|Any CPU.ActiveCfg = Release|Any CPU
		{2A38D613-00D6-4451-98EC-8F5C9A19549E}.Release|Any CPU.Build.0 = Release|Any CPU
		{02527FDD-A8CE-43AC-B87D-C1BF98B58CD0}.Debug|Any CPU.ActiveCfg = Debug|Any CPU
		{02527FDD-A8CE-43AC-B87D-C1BF98B58CD0}.Debug|Any CPU.Build.0 = Debug|Any CPU
		{02527FDD-A8CE-43AC-B87D-C1BF98B58CD0}.Release|Any CPU.ActiveCfg = Release|Any CPU
		{02527FDD-A8CE-43AC-B87D-C1BF98B58CD0}.Release|Any CPU.Build.0 = Release|Any CPU
		{47F41030-C739-47A5-BEE3-E2778C2A4912}.Debug|Any CPU.ActiveCfg = Debug|Any CPU
		{47F41030-C739-47A5-BEE3-E2778C2A4912}.Debug|Any CPU.Build.0 = Debug|Any CPU
		{47F41030-C739-47A5-BEE3-E2778C2A4912}.Release|Any CPU.ActiveCfg = Release|Any CPU
		{47F41030-C739-47A5-BEE3-E2778C2A4912}.Release|Any CPU.Build.0 = Release|Any CPU
	EndGlobalSection
EndGlobal
